
Microsoft Visual Studio Solution File, Format Version 12.00
# Visual Studio Version 17
VisualStudioVersion = 17.11.35303.130
MinimumVisualStudioVersion = 10.0.40219.1
Project("{F184B08F-C81C-45F6-A57F-5ABD9991F28F}") = "PrintTable", "PrintTable.vbproj", "{17D72415-464E-466D-8A05-2F93D3F10794}"
EndProject
Global
	GlobalSection(SolutionConfigurationPlatforms) = preSolution
		Debug|Any CPU = Debug|Any CPU
		Release|Any CPU = Release|Any CPU
	EndGlobalSection
	GlobalSection(ProjectConfigurationPlatforms) = postSolution
		{17D72415-464E-466D-8A05-2F93D3F10794}.Debug|Any CPU.ActiveCfg = Debug|Any CPU
		{17D72415-464E-466D-8A05-2F93D3F10794}.Debug|Any CPU.Build.0 = Debug|Any CPU
		{17D72415-464E-466D-8A05-2F93D3F10794}.Release|Any CPU.ActiveCfg = Release|Any CPU
		{17D72415-464E-466D-8A05-2F93D3F10794}.Release|Any CPU.Build.0 = Release|Any CPU
	EndGlobalSection
	GlobalSection(SolutionProperties) = preSolution
		HideSolutionNode = FALSE
	EndGlobalSection
	GlobalSection(ExtensibilityGlobals) = postSolution
		SolutionGuid = {0873D55E-69D4-487D-8DA7-49B48B16C1EF}
	EndGlobalSection
EndGlobal
